<?xml version="1.0" encoding="utf-8"?>
<Project ToolsVersion="4.0" xmlns="http://schemas.microsoft.com/developer/msbuild/2003">
  <ItemGroup>
    <ClCompile Include="fbinst.c" />
  </ItemGroup>
  <ItemGroup>
    <None Include="build_fbmbr.ps1" />
    <None Include="fbmbr.asm" />
  </ItemGroup>
</Project>
